
Microsoft Visual Studio Solution File, Format Version 12.00
# Visual Studio 15
VisualStudioVersion = 15.0.28307.902
MinimumVisualStudioVersion = 10.0.40219.1
Project("{FAE04EC0-301F-11D3-BF4B-00C04F79EFBC}") = "aspdotnetcore21demo", "aspdotnetcore21demo\aspdotnetcore21demo.csproj", "{0EA9CE30-7D46-4BF5-A398-A1354CD02959}"
EndProject
Global
	GlobalSection(SolutionConfigurationPlatforms) = preSolution
		Debug|Any CPU = Debug|Any CPU
		Release|Any CPU = Release|Any CPU
	EndGlobalSection
	GlobalSection(ProjectConfigurationPlatforms) = postSolution
		{0EA9CE30-7D46-4BF5-A398-A1354CD02959}.Debug|Any CPU.ActiveCfg = Debug|Any CPU
		{0EA9CE30-7D46-4BF5-A398-A1354CD02959}.Debug|Any CPU.Build.0 = Debug|Any CPU
		{0EA9CE30-7D46-4BF5-A398-A1354CD02959}.Release|Any CPU.ActiveCfg = Release|Any CPU
		{0EA9CE30-7D46-4BF5-A398-A1354CD02959}.Release|Any CPU.Build.0 = Release|Any CPU
	EndGlobalSection
	GlobalSection(SolutionProperties) = preSolution
		HideSolutionNode = FALSE
	EndGlobalSection
	GlobalSection(ExtensibilityGlobals) = postSolution
		SolutionGuid = {C0AA5809-1C75-42AE-B5D6-CBB485355722}
	EndGlobalSection
EndGlobal
