
Microsoft Visual Studio Solution File, Format Version 12.00
# Visual Studio 15
VisualStudioVersion = 15.0.27703.2042
MinimumVisualStudioVersion = 10.0.40219.1
Project("{FAE04EC0-301F-11D3-BF4B-00C04F79EFBC}") = "ShutdownComputer", "ShutdownComputer\ShutdownComputer.csproj", "{A6308C85-24A3-42DD-9663-7DC0C4A7A788}"
EndProject
Project("{FAE04EC0-301F-11D3-BF4B-00C04F79EFBC}") = "XmlParser", "XmlParser\XmlParser.csproj", "{FD497393-317F-47EE-9A48-EF08E3CB305E}"
EndProject
Global
	GlobalSection(SolutionConfigurationPlatforms) = preSolution
		Debug|Any CPU = Debug|Any CPU
		Release|Any CPU = Release|Any CPU
	EndGlobalSection
	GlobalSection(ProjectConfigurationPlatforms) = postSolution
		{A6308C85-24A3-42DD-9663-7DC0C4A7A788}.Debug|Any CPU.ActiveCfg = Debug|Any CPU
		{A6308C85-24A3-42DD-9663-7DC0C4A7A788}.Debug|Any CPU.Build.0 = Debug|Any CPU
		{A6308C85-24A3-42DD-9663-7DC0C4A7A788}.Release|Any CPU.ActiveCfg = Release|Any CPU
		{A6308C85-24A3-42DD-9663-7DC0C4A7A788}.Release|Any CPU.Build.0 = Release|Any CPU
		{FD497393-317F-47EE-9A48-EF08E3CB305E}.Debug|Any CPU.ActiveCfg = Debug|Any CPU
		{FD497393-317F-47EE-9A48-EF08E3CB305E}.Debug|Any CPU.Build.0 = Debug|Any CPU
		{FD497393-317F-47EE-9A48-EF08E3CB305E}.Release|Any CPU.ActiveCfg = Release|Any CPU
		{FD497393-317F-47EE-9A48-EF08E3CB305E}.Release|Any CPU.Build.0 = Release|Any CPU
	EndGlobalSection
	GlobalSection(SolutionProperties) = preSolution
		HideSolutionNode = FALSE
	EndGlobalSection
	GlobalSection(ExtensibilityGlobals) = postSolution
		SolutionGuid = {DA379F06-F2DE-4281-8FF3-B85A7E72FC66}
	EndGlobalSection
EndGlobal
